# THIS IS AN AUTOGENERATED FILE. DO NOT EDIT THIS FILE DIRECTLY.
# yarn lockfile v1


"@microsoft/tsdoc@^0.12.24":
  version "0.12.24"
  resolved "https://registry.yarnpkg.com/@microsoft/tsdoc/-/tsdoc-0.12.24.tgz#30728e34ebc90351dd3aff4e18d038eed2c3e098"
  integrity sha512-Mfmij13RUTmHEMi9vRUhMXD7rnGR2VvxeNYtaGtaJ4redwwjT4UXYJ+nzmVJF7hhd4pn/Fx5sncDKxMVFJSWPg==
